{
    "version": 3,
    "terraform_version": "0.11.11",
    "serial": 2,
    "lineage": "d651f084-bfe8-f8f7-b4d1-d6d34967ae94",
    "modules": [
        {
            "path": [
                "root"
            ],
            "outputs": {
                "elb_dns_name": {
                    "sensitive": false,
                    "type": "string",
                    "value": "terraform-asg-example-248843035.us-west-1.elb.amazonaws.com"
                }
            },
            "resources": {
                "aws_autoscaling_group.example": {
                    "type": "aws_autoscaling_group",
                    "depends_on": [
                        "aws_elb.example",
                        "aws_launch_configuration.example",
                        "data.aws_availability_zones.all"
                    ],
                    "primary": {
                        "id": "tf-asg-20190205203030081000000002",
                        "attributes": {
                            "arn": "arn:aws:autoscaling:us-west-1:023211119879:autoScalingGroup:9182b9c5-9b35-498d-97fe-f2ea3e8fc44b:autoScalingGroupName/tf-asg-20190205203030081000000002",
                            "availability_zones.#": "2",
                            "availability_zones.3205754986": "us-west-1a",
                            "availability_zones.639279568": "us-west-1b",
                            "default_cooldown": "300",
                            "desired_capacity": "2",
                            "enabled_metrics.#": "0",
                            "force_delete": "false",
                            "health_check_grace_period": "300",
                            "health_check_type": "ELB",
                            "id": "tf-asg-20190205203030081000000002",
                            "launch_configuration": "terraform-20190205203021210300000001",
                            "launch_template.#": "0",
                            "load_balancers.#": "1",
                            "load_balancers.3603464733": "terraform-asg-example",
                            "max_size": "10",
                            "metrics_granularity": "1Minute",
                            "min_size": "2",
                            "mixed_instances_policy.#": "0",
                            "name": "tf-asg-20190205203030081000000002",
                            "placement_group": "",
                            "protect_from_scale_in": "false",
                            "service_linked_role_arn": "arn:aws:iam::023211119879:role/aws-service-role/autoscaling.amazonaws.com/AWSServiceRoleForAutoScaling",
                            "suspended_processes.#": "0",
                            "tag.#": "1",
                            "tag.4170447404.key": "Name",
                            "tag.4170447404.propagate_at_launch": "true",
                            "tag.4170447404.value": "terraform-asg-example",
                            "target_group_arns.#": "0",
                            "termination_policies.#": "0",
                            "vpc_zone_identifier.#": "0",
                            "wait_for_capacity_timeout": "10m"
                        },
                        "meta": {
                            "e2bfb730-ecaa-11e6-8f88-34363bc7c4c0": {
                                "delete": 600000000000
                            }
                        },
                        "tainted": false
                    },
                    "deposed": [],
                    "provider": "provider.aws"
                },
                "aws_elb.example": {
                    "type": "aws_elb",
                    "depends_on": [
                        "aws_security_group.elb",
                        "data.aws_availability_zones.all"
                    ],
                    "primary": {
                        "id": "terraform-asg-example",
                        "attributes": {
                            "access_logs.#": "0",
                            "arn": "arn:aws:elasticloadbalancing:us-west-1:023211119879:loadbalancer/terraform-asg-example",
                            "availability_zones.#": "2",
                            "availability_zones.3205754986": "us-west-1a",
                            "availability_zones.639279568": "us-west-1b",
                            "connection_draining": "false",
                            "connection_draining_timeout": "300",
                            "cross_zone_load_balancing": "true",
                            "dns_name": "terraform-asg-example-248843035.us-west-1.elb.amazonaws.com",
                            "health_check.#": "1",
                            "health_check.0.healthy_threshold": "2",
                            "health_check.0.interval": "30",
                            "health_check.0.target": "HTTP:8080/",
                            "health_check.0.timeout": "3",
                            "health_check.0.unhealthy_threshold": "2",
                            "id": "terraform-asg-example",
                            "idle_timeout": "60",
                            "instances.#": "0",
                            "internal": "false",
                            "listener.#": "1",
                            "listener.3931999347.instance_port": "8080",
                            "listener.3931999347.instance_protocol": "http",
                            "listener.3931999347.lb_port": "80",
                            "listener.3931999347.lb_protocol": "http",
                            "listener.3931999347.ssl_certificate_id": "",
                            "name": "terraform-asg-example",
                            "security_groups.#": "1",
                            "security_groups.1676211046": "sg-09b60a96b7a75b6ef",
                            "source_security_group": "023211119879/terraform-example-elb",
                            "source_security_group_id": "sg-09b60a96b7a75b6ef",
                            "subnets.#": "2",
                            "subnets.1896858546": "subnet-0652b560",
                            "subnets.2081414998": "subnet-a6a794fd",
                            "tags.%": "0",
                            "zone_id": "Z368ELLRRE2KJ0"
                        },
                        "meta": {},
                        "tainted": false
                    },
                    "deposed": [],
                    "provider": "provider.aws"
                },
                "aws_launch_configuration.example": {
                    "type": "aws_launch_configuration",
                    "depends_on": [
                        "aws_security_group.instance"
                    ],
                    "primary": {
                        "id": "terraform-20190205203021210300000001",
                        "attributes": {
                            "associate_public_ip_address": "false",
                            "ebs_block_device.#": "0",
                            "ebs_optimized": "false",
                            "enable_monitoring": "true",
                            "ephemeral_block_device.#": "0",
                            "iam_instance_profile": "",
                            "id": "terraform-20190205203021210300000001",
                            "image_id": "ami-0c67212f0e9b7b73b",
                            "instance_type": "t2.micro",
                            "key_name": "",
                            "name": "terraform-20190205203021210300000001",
                            "root_block_device.#": "0",
                            "security_groups.#": "1",
                            "security_groups.2672889183": "sg-0d13891449f84a5e1",
                            "spot_price": "",
                            "user_data": "4430fd6498339061effa6d27ccf341a1e94569d7",
                            "vpc_classic_link_id": "",
                            "vpc_classic_link_security_groups.#": "0"
                        },
                        "meta": {},
                        "tainted": false
                    },
                    "deposed": [],
                    "provider": "provider.aws"
                },
                "aws_security_group.elb": {
                    "type": "aws_security_group",
                    "depends_on": [],
                    "primary": {
                        "id": "sg-09b60a96b7a75b6ef",
                        "attributes": {
                            "arn": "arn:aws:ec2:us-west-1:023211119879:security-group/sg-09b60a96b7a75b6ef",
                            "description": "Managed by Terraform",
                            "egress.#": "1",
                            "egress.482069346.cidr_blocks.#": "1",
                            "egress.482069346.cidr_blocks.0": "0.0.0.0/0",
                            "egress.482069346.description": "",
                            "egress.482069346.from_port": "0",
                            "egress.482069346.ipv6_cidr_blocks.#": "0",
                            "egress.482069346.prefix_list_ids.#": "0",
                            "egress.482069346.protocol": "-1",
                            "egress.482069346.security_groups.#": "0",
                            "egress.482069346.self": "false",
                            "egress.482069346.to_port": "0",
                            "id": "sg-09b60a96b7a75b6ef",
                            "ingress.#": "1",
                            "ingress.2214680975.cidr_blocks.#": "1",
                            "ingress.2214680975.cidr_blocks.0": "0.0.0.0/0",
                            "ingress.2214680975.description": "",
                            "ingress.2214680975.from_port": "80",
                            "ingress.2214680975.ipv6_cidr_blocks.#": "0",
                            "ingress.2214680975.prefix_list_ids.#": "0",
                            "ingress.2214680975.protocol": "tcp",
                            "ingress.2214680975.security_groups.#": "0",
                            "ingress.2214680975.self": "false",
                            "ingress.2214680975.to_port": "80",
                            "name": "terraform-example-elb",
                            "owner_id": "023211119879",
                            "revoke_rules_on_delete": "false",
                            "tags.%": "0",
                            "vpc_id": "vpc-c192a6a6"
                        },
                        "meta": {
                            "e2bfb730-ecaa-11e6-8f88-34363bc7c4c0": {
                                "create": 600000000000,
                                "delete": 600000000000
                            },
                            "schema_version": "1"
                        },
                        "tainted": false
                    },
                    "deposed": [],
                    "provider": "provider.aws"
                },
                "aws_security_group.instance": {
                    "type": "aws_security_group",
                    "depends_on": [],
                    "primary": {
                        "id": "sg-0d13891449f84a5e1",
                        "attributes": {
                            "arn": "arn:aws:ec2:us-west-1:023211119879:security-group/sg-0d13891449f84a5e1",
                            "description": "Managed by Terraform",
                            "egress.#": "0",
                            "id": "sg-0d13891449f84a5e1",
                            "ingress.#": "1",
                            "ingress.516175195.cidr_blocks.#": "1",
                            "ingress.516175195.cidr_blocks.0": "0.0.0.0/0",
                            "ingress.516175195.description": "",
                            "ingress.516175195.from_port": "8080",
                            "ingress.516175195.ipv6_cidr_blocks.#": "0",
                            "ingress.516175195.prefix_list_ids.#": "0",
                            "ingress.516175195.protocol": "tcp",
                            "ingress.516175195.security_groups.#": "0",
                            "ingress.516175195.self": "false",
                            "ingress.516175195.to_port": "8080",
                            "name": "terraform-example-instance",
                            "owner_id": "023211119879",
                            "revoke_rules_on_delete": "false",
                            "tags.%": "0",
                            "vpc_id": "vpc-c192a6a6"
                        },
                        "meta": {
                            "e2bfb730-ecaa-11e6-8f88-34363bc7c4c0": {
                                "create": 600000000000,
                                "delete": 600000000000
                            },
                            "schema_version": "1"
                        },
                        "tainted": false
                    },
                    "deposed": [],
                    "provider": "provider.aws"
                },
                "data.aws_availability_zones.all": {
                    "type": "aws_availability_zones",
                    "depends_on": [],
                    "primary": {
                        "id": "2019-02-05 20:30:08.800026 +0000 UTC",
                        "attributes": {
                            "id": "2019-02-05 20:30:08.800026 +0000 UTC",
                            "names.#": "2",
                            "names.0": "us-west-1a",
                            "names.1": "us-west-1b",
                            "zone_ids.#": "2",
                            "zone_ids.0": "usw1-az3",
                            "zone_ids.1": "usw1-az1"
                        },
                        "meta": {},
                        "tainted": false
                    },
                    "deposed": [],
                    "provider": "provider.aws"
                }
            },
            "depends_on": []
        }
    ]
}
